<?xml version="1.0" encoding="UTF-8" standalone="yes" ?>
<CodeBlocks_project_file>
	<FileVersion major="1" minor="6" />
	<Project>
		<Option title="Seagull" />
		<Option pch_mode="2" />
		<Option compiler="gcc" />
		<Build>
			<Target title="exe">
				<Option output="Seagull" prefix_auto="1" extension_auto="1" />
				<Option object_output="obj/" />
				<Option type="0" />
				<Option compiler="gcc" />
			</Target>
		</Build>
		<Compiler>
			<Add directory="../ZDK/ZTM" />
			<Add directory="../ZDK/ZTL" />
			<Add directory="../ZDK/ZTK" />
			<Add directory="../ZDK/ZUI" />
			<Add option="-Wfatal-errors" />
			<Add option="-Wextra" />
			<Add option="-Wall" />
			<Add option="-O3" />
			<Add option="-flto" />
		</Compiler>
		<ResourceCompiler>
			<Add directory="../ZDK/ZTK" />
		</ResourceCompiler>
		<Linker>
			<Add directory=".." />
			<Add option="-lZTM -lZTL -lZTK -lZUI" />
			<Add option="-O3" />
			<Add option="-s" />
			<Add option="-flto" />
		</Linker>
		<Unit filename="Seagull.c">
			<Option compilerVar="CC" />
		</Unit>
		<Unit filename="Seagull.h" />
		<Unit filename="Seagull.rc">
			<Option compilerVar="WINDRES" />
		</Unit>
		<Unit filename="Seagull_Core.c">
			<Option compilerVar="CC" />
		</Unit>
		<Unit filename="Seagull_Core.h" />
		<Unit filename="Seagull_Define.h" />
		<Unit filename="Seagull_GUI.c">
			<Option compilerVar="CC" />
		</Unit>
		<Unit filename="Seagull_GUI.h" />
		<Unit filename="Seagull_Game.c">
			<Option compilerVar="CC" />
		</Unit>
		<Unit filename="Seagull_Game.h" />
		<Unit filename="Seagull_Hive.h" />
		<Unit filename="Seagull_Text.c">
			<Option compilerVar="CC" />
		</Unit>
		<Unit filename="Seagull_Text.h" />
		<Extensions>
			<code_completion />
			<envvars />
			<debugger />
			<lib_finder disable_auto="1" />
		</Extensions>
	</Project>
</CodeBlocks_project_file>
